
Microsoft Visual Studio Solution File, Format Version 12.00
# Visual Studio 14
VisualStudioVersion = 14.0.25420.1
MinimumVisualStudioVersion = 10.0.40219.1
Project("{FAE04EC0-301F-11D3-BF4B-00C04F79EFBC}") = "DHA_Sheryan", "DHA_Sheryan\DHA_Sheryan.csproj", "{776FC245-BC0C-4CF2-B63C-AE3EDFA5A1CA}"
EndProject
Global
	GlobalSection(SolutionConfigurationPlatforms) = preSolution
		Debug|Any CPU = Debug|Any CPU
		Release|Any CPU = Release|Any CPU
	EndGlobalSection
	GlobalSection(ProjectConfigurationPlatforms) = postSolution
		{776FC245-BC0C-4CF2-B63C-AE3EDFA5A1CA}.Debug|Any CPU.ActiveCfg = Debug|Any CPU
		{776FC245-BC0C-4CF2-B63C-AE3EDFA5A1CA}.Debug|Any CPU.Build.0 = Debug|Any CPU
		{776FC245-BC0C-4CF2-B63C-AE3EDFA5A1CA}.Release|Any CPU.ActiveCfg = Release|Any CPU
		{776FC245-BC0C-4CF2-B63C-AE3EDFA5A1CA}.Release|Any CPU.Build.0 = Release|Any CPU
	EndGlobalSection
	GlobalSection(SolutionProperties) = preSolution
		HideSolutionNode = FALSE
	EndGlobalSection
EndGlobal
